// !$*UTF8*$!
{
	archiveVersion = 1;
	classes = {
	};
	objectVersion = 56;
	objects = {

/* Begin PBXBuildFile section */
		7134AB6729C20DF50005B443 /* MainMessagesView.swift in Sources */ = {isa = PBXBuildFile; fileRef = 7134AB6629C20DF50005B443 /* MainMessagesView.swift */; };
		7165D2D129C90DBA00B2D805 /* ChatUser.swift in Sources */ = {isa = PBXBuildFile; fileRef = 7165D2D029C90DBA00B2D805 /* ChatUser.swift */; };
		7165D2D429C9F7BA00B2D805 /* CreateNewMessageView.swift in Sources */ = {isa = PBXBuildFile; fileRef = 7165D2D329C9F7BA00B2D805 /* CreateNewMessageView.swift */; };
		71AAF3E829BEAD70000E82E6 /* GoogleService-Info.plist in Resources */ = {isa = PBXBuildFile; fileRef = 71AAF3E729BEAD6F000E82E6 /* GoogleService-Info.plist */; };
		71D4240D29C0C68F001AA85C /* ImagePicker.swift in Sources */ = {isa = PBXBuildFile; fileRef = 71D4240C29C0C68E001AA85C /* ImagePicker.swift */; };
		71D4241029C0CDD4001AA85C /* FirebaseAuth in Frameworks */ = {isa = PBXBuildFile; productRef = 71D4240F29C0CDD4001AA85C /* FirebaseAuth */; };
		71D4241229C0CDD4001AA85C /* FirebaseFirestore in Frameworks */ = {isa = PBXBuildFile; productRef = 71D4241129C0CDD4001AA85C /* FirebaseFirestore */; };
		71D4241429C0CDD4001AA85C /* FirebaseStorage in Frameworks */ = {isa = PBXBuildFile; productRef = 71D4241329C0CDD4001AA85C /* FirebaseStorage */; };
		71D6587729C664190008F922 /* FirebaseManager.swift in Sources */ = {isa = PBXBuildFile; fileRef = 71D6587629C664190008F922 /* FirebaseManager.swift */; };
		71D6587A29C669CF0008F922 /* SDWebImageSwiftUI in Frameworks */ = {isa = PBXBuildFile; productRef = 71D6587929C669CF0008F922 /* SDWebImageSwiftUI */; };
		71E1122829BD3BE000B82144 /* ChatApp.swift in Sources */ = {isa = PBXBuildFile; fileRef = 71E1122729BD3BE000B82144 /* ChatApp.swift */; };
		71E1122A29BD3BE000B82144 /* LoginView.swift in Sources */ = {isa = PBXBuildFile; fileRef = 71E1122929BD3BE000B82144 /* LoginView.swift */; };
		71E1122C29BD3BE200B82144 /* Assets.xcassets in Resources */ = {isa = PBXBuildFile; fileRef = 71E1122B29BD3BE200B82144 /* Assets.xcassets */; };
		71E1122F29BD3BE200B82144 /* Preview Assets.xcassets in Resources */ = {isa = PBXBuildFile; fileRef = 71E1122E29BD3BE200B82144 /* Preview Assets.xcassets */; };
		71E1123929BD3BE200B82144 /* ChatAppTests.swift in Sources */ = {isa = PBXBuildFile; fileRef = 71E1123829BD3BE200B82144 /* ChatAppTests.swift */; };
		71E1124329BD3BE200B82144 /* ChatAppUITests.swift in Sources */ = {isa = PBXBuildFile; fileRef = 71E1124229BD3BE200B82144 /* ChatAppUITests.swift */; };
		71E1124529BD3BE200B82144 /* ChatAppUITestsLaunchTests.swift in Sources */ = {isa = PBXBuildFile; fileRef = 71E1124429BD3BE200B82144 /* ChatAppUITestsLaunchTests.swift */; };
/* End PBXBuildFile section */

/* Begin PBXContainerItemProxy section */
		71E1123529BD3BE200B82144 /* PBXContainerItemProxy */ = {
			isa = PBXContainerItemProxy;
			containerPortal = 71E1121C29BD3BE000B82144 /* Project object */;
			proxyType = 1;
			remoteGlobalIDString = 71E1122329BD3BE000B82144;
			remoteInfo = ChatApp;
		};
		71E1123F29BD3BE200B82144 /* PBXContainerItemProxy */ = {
			isa = PBXContainerItemProxy;
			containerPortal = 71E1121C29BD3BE000B82144 /* Project object */;
			proxyType = 1;
			remoteGlobalIDString = 71E1122329BD3BE000B82144;
			remoteInfo = ChatApp;
		};
/* End PBXContainerItemProxy section */

/* Begin PBXFileReference section */
		7134AB6629C20DF50005B443 /* MainMessagesView.swift */ = {isa = PBXFileReference; lastKnownFileType = sourcecode.swift; path = MainMessagesView.swift; sourceTree = "<group>"; };
		7165D2D029C90DBA00B2D805 /* ChatUser.swift */ = {isa = PBXFileReference; lastKnownFileType = sourcecode.swift; path = ChatUser.swift; sourceTree = "<group>"; };
		7165D2D329C9F7BA00B2D805 /* CreateNewMessageView.swift */ = {isa = PBXFileReference; lastKnownFileType = sourcecode.swift; path = CreateNewMessageView.swift; sourceTree = "<group>"; };
		71AAF3E729BEAD6F000E82E6 /* GoogleService-Info.plist */ = {isa = PBXFileReference; fileEncoding = 4; lastKnownFileType = text.plist.xml; path = "GoogleService-Info.plist"; sourceTree = "<group>"; };
		71D4240C29C0C68E001AA85C /* ImagePicker.swift */ = {isa = PBXFileReference; lastKnownFileType = sourcecode.swift; path = ImagePicker.swift; sourceTree = "<group>"; };
		71D6587629C664190008F922 /* FirebaseManager.swift */ = {isa = PBXFileReference; lastKnownFileType = sourcecode.swift; path = FirebaseManager.swift; sourceTree = "<group>"; };
		71E1122429BD3BE000B82144 /* ChatApp.app */ = {isa = PBXFileReference; explicitFileType = wrapper.application; includeInIndex = 0; path = ChatApp.app; sourceTree = BUILT_PRODUCTS_DIR; };
		71E1122729BD3BE000B82144 /* ChatApp.swift */ = {isa = PBXFileReference; lastKnownFileType = sourcecode.swift; path = ChatApp.swift; sourceTree = "<group>"; };
		71E1122929BD3BE000B82144 /* LoginView.swift */ = {isa = PBXFileReference; lastKnownFileType = sourcecode.swift; path = LoginView.swift; sourceTree = "<group>"; };
		71E1122B29BD3BE200B82144 /* Assets.xcassets */ = {isa = PBXFileReference; lastKnownFileType = folder.assetcatalog; path = Assets.xcassets; sourceTree = "<group>"; };
		71E1122E29BD3BE200B82144 /* Preview Assets.xcassets */ = {isa = PBXFileReference; lastKnownFileType = folder.assetcatalog; path = "Preview Assets.xcassets"; sourceTree = "<group>"; };
		71E1123429BD3BE200B82144 /* ChatAppTests.xctest */ = {isa = PBXFileReference; explicitFileType = wrapper.cfbundle; includeInIndex = 0; path = ChatAppTests.xctest; sourceTree = BUILT_PRODUCTS_DIR; };
		71E1123829BD3BE200B82144 /* ChatAppTests.swift */ = {isa = PBXFileReference; lastKnownFileType = sourcecode.swift; path = ChatAppTests.swift; sourceTree = "<group>"; };
		71E1123E29BD3BE200B82144 /* ChatAppUITests.xctest */ = {isa = PBXFileReference; explicitFileType = wrapper.cfbundle; includeInIndex = 0; path = ChatAppUITests.xctest; sourceTree = BUILT_PRODUCTS_DIR; };
		71E1124229BD3BE200B82144 /* ChatAppUITests.swift */ = {isa = PBXFileReference; lastKnownFileType = sourcecode.swift; path = ChatAppUITests.swift; sourceTree = "<group>"; };
		71E1124429BD3BE200B82144 /* ChatAppUITestsLaunchTests.swift */ = {isa = PBXFileReference; lastKnownFileType = sourcecode.swift; path = ChatAppUITestsLaunchTests.swift; sourceTree = "<group>"; };
/* End PBXFileReference section */

/* Begin PBXFrameworksBuildPhase section */
		71E1122129BD3BE000B82144 /* Frameworks */ = {
			isa = PBXFrameworksBuildPhase;
			buildActionMask = 2147483647;
			files = (
				71D6587A29C669CF0008F922 /* SDWebImageSwiftUI in Frameworks */,
				71D4241029C0CDD4001AA85C /* FirebaseAuth in Frameworks */,
				71D4241229C0CDD4001AA85C /* FirebaseFirestore in Frameworks */,
				71D4241429C0CDD4001AA85C /* FirebaseStorage in Frameworks */,
			);
			runOnlyForDeploymentPostprocessing = 0;
		};
		71E1123129BD3BE200B82144 /* Frameworks */ = {
			isa = PBXFrameworksBuildPhase;
			buildActionMask = 2147483647;
			files = (
			);
			runOnlyForDeploymentPostprocessing = 0;
		};
		71E1123B29BD3BE200B82144 /* Frameworks */ = {
			isa = PBXFrameworksBuildPhase;
			buildActionMask = 2147483647;
			files = (
			);
			runOnlyForDeploymentPostprocessing = 0;
		};
/* End PBXFrameworksBuildPhase section */

/* Begin PBXGroup section */
		7134AB6329C20DAD0005B443 /* MainMessages */ = {
			isa = PBXGroup;
			children = (
				7165D2D229C9F79E00B2D805 /* NewMessage */,
				7134AB6629C20DF50005B443 /* MainMessagesView.swift */,
			);
			path = MainMessages;
			sourceTree = "<group>";
		};
		7165D2CF29C90DA200B2D805 /* Models */ = {
			isa = PBXGroup;
			children = (
				7165D2D029C90DBA00B2D805 /* ChatUser.swift */,
			);
			path = Models;
			sourceTree = "<group>";
		};
		7165D2D229C9F79E00B2D805 /* NewMessage */ = {
			isa = PBXGroup;
			children = (
				7165D2D329C9F7BA00B2D805 /* CreateNewMessageView.swift */,
			);
			path = NewMessage;
			sourceTree = "<group>";
		};
		71D6587529C664020008F922 /* Utils */ = {
			isa = PBXGroup;
			children = (
				71D6587629C664190008F922 /* FirebaseManager.swift */,
			);
			path = Utils;
			sourceTree = "<group>";
		};
		71E1121B29BD3BE000B82144 = {
			isa = PBXGroup;
			children = (
				71E1122629BD3BE000B82144 /* ChatApp */,
				71E1123729BD3BE200B82144 /* ChatAppTests */,
				71E1124129BD3BE200B82144 /* ChatAppUITests */,
				71E1122529BD3BE000B82144 /* Products */,
			);
			sourceTree = "<group>";
		};
		71E1122529BD3BE000B82144 /* Products */ = {
			isa = PBXGroup;
			children = (
				71E1122429BD3BE000B82144 /* ChatApp.app */,
				71E1123429BD3BE200B82144 /* ChatAppTests.xctest */,
				71E1123E29BD3BE200B82144 /* ChatAppUITests.xctest */,
			);
			name = Products;
			sourceTree = "<group>";
		};
		71E1122629BD3BE000B82144 /* ChatApp */ = {
			isa = PBXGroup;
			children = (
				7165D2CF29C90DA200B2D805 /* Models */,
				71D6587529C664020008F922 /* Utils */,
				7134AB6329C20DAD0005B443 /* MainMessages */,
				71E1122729BD3BE000B82144 /* ChatApp.swift */,
				71AAF3E729BEAD6F000E82E6 /* GoogleService-Info.plist */,
				71E1122929BD3BE000B82144 /* LoginView.swift */,
				71E1122B29BD3BE200B82144 /* Assets.xcassets */,
				71E1122D29BD3BE200B82144 /* Preview Content */,
				71D4240C29C0C68E001AA85C /* ImagePicker.swift */,
			);
			path = ChatApp;
			sourceTree = "<group>";
		};
		71E1122D29BD3BE200B82144 /* Preview Content */ = {
			isa = PBXGroup;
			children = (
				71E1122E29BD3BE200B82144 /* Preview Assets.xcassets */,
			);
			path = "Preview Content";
			sourceTree = "<group>";
		};
		71E1123729BD3BE200B82144 /* ChatAppTests */ = {
			isa = PBXGroup;
			children = (
				71E1123829BD3BE200B82144 /* ChatAppTests.swift */,
			);
			path = ChatAppTests;
			sourceTree = "<group>";
		};
		71E1124129BD3BE200B82144 /* ChatAppUITests */ = {
			isa = PBXGroup;
			children = (
				71E1124229BD3BE200B82144 /* ChatAppUITests.swift */,
				71E1124429BD3BE200B82144 /* ChatAppUITestsLaunchTests.swift */,
			);
			path = ChatAppUITests;
			sourceTree = "<group>";
		};
/* End PBXGroup section */

/* Begin PBXNativeTarget section */
		71E1122329BD3BE000B82144 /* ChatApp */ = {
			isa = PBXNativeTarget;
			buildConfigurationList = 71E1124829BD3BE200B82144 /* Build configuration list for PBXNativeTarget "ChatApp" */;
			buildPhases = (
				71E1122029BD3BE000B82144 /* Sources */,
				71E1122129BD3BE000B82144 /* Frameworks */,
				71E1122229BD3BE000B82144 /* Resources */,
			);
			buildRules = (
			);
			dependencies = (
			);
			name = ChatApp;
			packageProductDependencies = (
				71D4240F29C0CDD4001AA85C /* FirebaseAuth */,
				71D4241129C0CDD4001AA85C /* FirebaseFirestore */,
				71D4241329C0CDD4001AA85C /* FirebaseStorage */,
				71D6587929C669CF0008F922 /* SDWebImageSwiftUI */,
			);
			productName = ChatApp;
			productReference = 71E1122429BD3BE000B82144 /* ChatApp.app */;
			productType = "com.apple.product-type.application";
		};
		71E1123329BD3BE200B82144 /* ChatAppTests */ = {
			isa = PBXNativeTarget;
			buildConfigurationList = 71E1124B29BD3BE200B82144 /* Build configuration list for PBXNativeTarget "ChatAppTests" */;
			buildPhases = (
				71E1123029BD3BE200B82144 /* Sources */,
				71E1123129BD3BE200B82144 /* Frameworks */,
				71E1123229BD3BE200B82144 /* Resources */,
			);
			buildRules = (
			);
			dependencies = (
				71E1123629BD3BE200B82144 /* PBXTargetDependency */,
			);
			name = ChatAppTests;
			productName = ChatAppTests;
			productReference = 71E1123429BD3BE200B82144 /* ChatAppTests.xctest */;
			productType = "com.apple.product-type.bundle.unit-test";
		};
		71E1123D29BD3BE200B82144 /* ChatAppUITests */ = {
			isa = PBXNativeTarget;
			buildConfigurationList = 71E1124E29BD3BE200B82144 /* Build configuration list for PBXNativeTarget "ChatAppUITests" */;
			buildPhases = (
				71E1123A29BD3BE200B82144 /* Sources */,
				71E1123B29BD3BE200B82144 /* Frameworks */,
				71E1123C29BD3BE200B82144 /* Resources */,
			);
			buildRules = (
			);
			dependencies = (
				71E1124029BD3BE200B82144 /* PBXTargetDependency */,
			);
			name = ChatAppUITests;
			productName = ChatAppUITests;
			productReference = 71E1123E29BD3BE200B82144 /* ChatAppUITests.xctest */;
			productType = "com.apple.product-type.bundle.ui-testing";
		};
/* End PBXNativeTarget section */

/* Begin PBXProject section */
		71E1121C29BD3BE000B82144 /* Project object */ = {
			isa = PBXProject;
			attributes = {
				BuildIndependentTargetsInParallel = 1;
				LastSwiftUpdateCheck = 1410;
				LastUpgradeCheck = 1410;
				TargetAttributes = {
					71E1122329BD3BE000B82144 = {
						CreatedOnToolsVersion = 14.1;
					};
					71E1123329BD3BE200B82144 = {
						CreatedOnToolsVersion = 14.1;
						TestTargetID = 71E1122329BD3BE000B82144;
					};
					71E1123D29BD3BE200B82144 = {
						CreatedOnToolsVersion = 14.1;
						TestTargetID = 71E1122329BD3BE000B82144;
					};
				};
			};
			buildConfigurationList = 71E1121F29BD3BE000B82144 /* Build configuration list for PBXProject "ChatApp" */;
			compatibilityVersion = "Xcode 14.0";
			developmentRegion = en;
			hasScannedForEncodings = 0;
			knownRegions = (
				en,
				Base,
			);
			mainGroup = 71E1121B29BD3BE000B82144;
			packageReferences = (
				71D4240E29C0CDD4001AA85C /* XCRemoteSwiftPackageReference "firebase-ios-sdk" */,
				71D6587829C669CF0008F922 /* XCRemoteSwiftPackageReference "SDWebImageSwiftUI" */,
			);
			productRefGroup = 71E1122529BD3BE000B82144 /* Products */;
			projectDirPath = "";
			projectRoot = "";
			targets = (
				71E1122329BD3BE000B82144 /* ChatApp */,
				71E1123329BD3BE200B82144 /* ChatAppTests */,
				71E1123D29BD3BE200B82144 /* ChatAppUITests */,
			);
		};
/* End PBXProject section */

/* Begin PBXResourcesBuildPhase section */
		71E1122229BD3BE000B82144 /* Resources */ = {
			isa = PBXResourcesBuildPhase;
			buildActionMask = 2147483647;
			files = (
				71E1122F29BD3BE200B82144 /* Preview Assets.xcassets in Resources */,
				71E1122C29BD3BE200B82144 /* Assets.xcassets in Resources */,
				71AAF3E829BEAD70000E82E6 /* GoogleService-Info.plist in Resources */,
			);
			runOnlyForDeploymentPostprocessing = 0;
		};
		71E1123229BD3BE200B82144 /* Resources */ = {
			isa = PBXResourcesBuildPhase;
			buildActionMask = 2147483647;
			files = (
			);
			runOnlyForDeploymentPostprocessing = 0;
		};
		71E1123C29BD3BE200B82144 /* Resources */ = {
			isa = PBXResourcesBuildPhase;
			buildActionMask = 2147483647;
			files = (
			);
			runOnlyForDeploymentPostprocessing = 0;
		};
/* End PBXResourcesBuildPhase section */

/* Begin PBXSourcesBuildPhase section */
		71E1122029BD3BE000B82144 /* Sources */ = {
			isa = PBXSourcesBuildPhase;
			buildActionMask = 2147483647;
			files = (
				7165D2D129C90DBA00B2D805 /* ChatUser.swift in Sources */,
				71D4240D29C0C68F001AA85C /* ImagePicker.swift in Sources */,
				7134AB6729C20DF50005B443 /* MainMessagesView.swift in Sources */,
				71D6587729C664190008F922 /* FirebaseManager.swift in Sources */,
				7165D2D429C9F7BA00B2D805 /* CreateNewMessageView.swift in Sources */,
				71E1122A29BD3BE000B82144 /* LoginView.swift in Sources */,
				71E1122829BD3BE000B82144 /* ChatApp.swift in Sources */,
			);
			runOnlyForDeploymentPostprocessing = 0;
		};
		71E1123029BD3BE200B82144 /* Sources */ = {
			isa = PBXSourcesBuildPhase;
			buildActionMask = 2147483647;
			files = (
				71E1123929BD3BE200B82144 /* ChatAppTests.swift in Sources */,
			);
			runOnlyForDeploymentPostprocessing = 0;
		};
		71E1123A29BD3BE200B82144 /* Sources */ = {
			isa = PBXSourcesBuildPhase;
			buildActionMask = 2147483647;
			files = (
				71E1124529BD3BE200B82144 /* ChatAppUITestsLaunchTests.swift in Sources */,
				71E1124329BD3BE200B82144 /* ChatAppUITests.swift in Sources */,
			);
			runOnlyForDeploymentPostprocessing = 0;
		};
/* End PBXSourcesBuildPhase section */

/* Begin PBXTargetDependency section */
		71E1123629BD3BE200B82144 /* PBXTargetDependency */ = {
			isa = PBXTargetDependency;
			target = 71E1122329BD3BE000B82144 /* ChatApp */;
			targetProxy = 71E1123529BD3BE200B82144 /* PBXContainerItemProxy */;
		};
		71E1124029BD3BE200B82144 /* PBXTargetDependency */ = {
			isa = PBXTargetDependency;
			target = 71E1122329BD3BE000B82144 /* ChatApp */;
			targetProxy = 71E1123F29BD3BE200B82144 /* PBXContainerItemProxy */;
		};
/* End PBXTargetDependency section */

/* Begin XCBuildConfiguration section */
		71E1124629BD3BE200B82144 /* Debug */ = {
			isa = XCBuildConfiguration;
			buildSettings = {
				ALWAYS_SEARCH_USER_PATHS = NO;
				CLANG_ANALYZER_NONNULL = YES;
				CLANG_ANALYZER_NUMBER_OBJECT_CONVERSION = YES_AGGRESSIVE;
				CLANG_CXX_LANGUAGE_STANDARD = "gnu++20";
				CLANG_ENABLE_MODULES = YES;
				CLANG_ENABLE_OBJC_ARC = YES;
				CLANG_ENABLE_OBJC_WEAK = YES;
				CLANG_WARN_BLOCK_CAPTURE_AUTORELEASING = YES;
				CLANG_WARN_BOOL_CONVERSION = YES;
				CLANG_WARN_COMMA = YES;
				CLANG_WARN_CONSTANT_CONVERSION = YES;
				CLANG_WARN_DEPRECATED_OBJC_IMPLEMENTATIONS = YES;
				CLANG_WARN_DIRECT_OBJC_ISA_USAGE = YES_ERROR;
				CLANG_WARN_DOCUMENTATION_COMMENTS = YES;
				CLANG_WARN_EMPTY_BODY = YES;
				CLANG_WARN_ENUM_CONVERSION = YES;
				CLANG_WARN_INFINITE_RECURSION = YES;
				CLANG_WARN_INT_CONVERSION = YES;
				CLANG_WARN_NON_LITERAL_NULL_CONVERSION = YES;
				CLANG_WARN_OBJC_IMPLICIT_RETAIN_SELF = YES;
				CLANG_WARN_OBJC_LITERAL_CONVERSION = YES;
				CLANG_WARN_OBJC_ROOT_CLASS = YES_ERROR;
				CLANG_WARN_QUOTED_INCLUDE_IN_FRAMEWORK_HEADER = YES;
				CLANG_WARN_RANGE_LOOP_ANALYSIS = YES;
				CLANG_WARN_STRICT_PROTOTYPES = YES;
				CLANG_WARN_SUSPICIOUS_MOVE = YES;
				CLANG_WARN_UNGUARDED_AVAILABILITY = YES_AGGRESSIVE;
				CLANG_WARN_UNREACHABLE_CODE = YES;
				CLANG_WARN__DUPLICATE_METHOD_MATCH = YES;
				COPY_PHASE_STRIP = NO;
				DEBUG_INFORMATION_FORMAT = dwarf;
				ENABLE_STRICT_OBJC_MSGSEND = YES;
				ENABLE_TESTABILITY = YES;
				GCC_C_LANGUAGE_STANDARD = gnu11;
				GCC_DYNAMIC_NO_PIC = NO;
				GCC_NO_COMMON_BLOCKS = YES;
				GCC_OPTIMIZATION_LEVEL = 0;
				GCC_PREPROCESSOR_DEFINITIONS = (
					"DEBUG=1",
					"$(inherited)",
				);
				GCC_WARN_64_TO_32_BIT_CONVERSION = YES;
				GCC_WARN_ABOUT_RETURN_TYPE = YES_ERROR;
				GCC_WARN_UNDECLARED_SELECTOR = YES;
				GCC_WARN_UNINITIALIZED_AUTOS = YES_AGGRESSIVE;
				GCC_WARN_UNUSED_FUNCTION = YES;
				GCC_WARN_UNUSED_VARIABLE = YES;
				IPHONEOS_DEPLOYMENT_TARGET = 16.1;
				MTL_ENABLE_DEBUG_INFO = INCLUDE_SOURCE;
				MTL_FAST_MATH = YES;
				ONLY_ACTIVE_ARCH = YES;
				SDKROOT = iphoneos;
				SWIFT_ACTIVE_COMPILATION_CONDITIONS = DEBUG;
				SWIFT_OPTIMIZATION_LEVEL = "-Onone";
			};
			name = Debug;
		};
		71E1124729BD3BE200B82144 /* Release */ = {
			isa = XCBuildConfiguration;
			buildSettings = {
				ALWAYS_SEARCH_USER_PATHS = NO;
				CLANG_ANALYZER_NONNULL = YES;
				CLANG_ANALYZER_NUMBER_OBJECT_CONVERSION = YES_AGGRESSIVE;
				CLANG_CXX_LANGUAGE_STANDARD = "gnu++20";
				CLANG_ENABLE_MODULES = YES;
				CLANG_ENABLE_OBJC_ARC = YES;
				CLANG_ENABLE_OBJC_WEAK = YES;
				CLANG_WARN_BLOCK_CAPTURE_AUTORELEASING = YES;
				CLANG_WARN_BOOL_CONVERSION = YES;
				CLANG_WARN_COMMA = YES;
				CLANG_WARN_CONSTANT_CONVERSION = YES;
				CLANG_WARN_DEPRECATED_OBJC_IMPLEMENTATIONS = YES;
				CLANG_WARN_DIRECT_OBJC_ISA_USAGE = YES_ERROR;
				CLANG_WARN_DOCUMENTATION_COMMENTS = YES;
				CLANG_WARN_EMPTY_BODY = YES;
				CLANG_WARN_ENUM_CONVERSION = YES;
				CLANG_WARN_INFINITE_RECURSION = YES;
				CLANG_WARN_INT_CONVERSION = YES;
				CLANG_WARN_NON_LITERAL_NULL_CONVERSION = YES;
				CLANG_WARN_OBJC_IMPLICIT_RETAIN_SELF = YES;
				CLANG_WARN_OBJC_LITERAL_CONVERSION = YES;
				CLANG_WARN_OBJC_ROOT_CLASS = YES_ERROR;
				CLANG_WARN_QUOTED_INCLUDE_IN_FRAMEWORK_HEADER = YES;
				CLANG_WARN_RANGE_LOOP_ANALYSIS = YES;
				CLANG_WARN_STRICT_PROTOTYPES = YES;
				CLANG_WARN_SUSPICIOUS_MOVE = YES;
				CLANG_WARN_UNGUARDED_AVAILABILITY = YES_AGGRESSIVE;
				CLANG_WARN_UNREACHABLE_CODE = YES;
				CLANG_WARN__DUPLICATE_METHOD_MATCH = YES;
				COPY_PHASE_STRIP = NO;
				DEBUG_INFORMATION_FORMAT = "dwarf-with-dsym";
				ENABLE_NS_ASSERTIONS = NO;
				ENABLE_STRICT_OBJC_MSGSEND = YES;
				GCC_C_LANGUAGE_STANDARD = gnu11;
				GCC_NO_COMMON_BLOCKS = YES;
				GCC_WARN_64_TO_32_BIT_CONVERSION = YES;
				GCC_WARN_ABOUT_RETURN_TYPE = YES_ERROR;
				GCC_WARN_UNDECLARED_SELECTOR = YES;
				GCC_WARN_UNINITIALIZED_AUTOS = YES_AGGRESSIVE;
				GCC_WARN_UNUSED_FUNCTION = YES;
				GCC_WARN_UNUSED_VARIABLE = YES;
				IPHONEOS_DEPLOYMENT_TARGET = 16.1;
				MTL_ENABLE_DEBUG_INFO = NO;
				MTL_FAST_MATH = YES;
				SDKROOT = iphoneos;
				SWIFT_COMPILATION_MODE = wholemodule;
				SWIFT_OPTIMIZATION_LEVEL = "-O";
				VALIDATE_PRODUCT = YES;
			};
			name = Release;
		};
		71E1124929BD3BE200B82144 /* Debug */ = {
			isa = XCBuildConfiguration;
			buildSettings = {
				ASSETCATALOG_COMPILER_APPICON_NAME = AppIcon;
				ASSETCATALOG_COMPILER_GLOBAL_ACCENT_COLOR_NAME = AccentColor;
				CODE_SIGN_STYLE = Automatic;
				CURRENT_PROJECT_VERSION = 1;
				DEVELOPMENT_ASSET_PATHS = "\"ChatApp/Preview Content\"";
				DEVELOPMENT_TEAM = 89BV38HZUZ;
				ENABLE_PREVIEWS = YES;
				GENERATE_INFOPLIST_FILE = YES;
				INFOPLIST_KEY_UIApplicationSceneManifest_Generation = YES;
				INFOPLIST_KEY_UIApplicationSupportsIndirectInputEvents = YES;
				INFOPLIST_KEY_UILaunchScreen_Generation = YES;
				INFOPLIST_KEY_UISupportedInterfaceOrientations_iPad = "UIInterfaceOrientationPortrait UIInterfaceOrientationPortraitUpsideDown UIInterfaceOrientationLandscapeLeft UIInterfaceOrientationLandscapeRight";
				INFOPLIST_KEY_UISupportedInterfaceOrientations_iPhone = "UIInterfaceOrientationPortrait UIInterfaceOrientationLandscapeLeft UIInterfaceOrientationLandscapeRight";
				LD_RUNPATH_SEARCH_PATHS = (
					"$(inherited)",
					"@executable_path/Frameworks",
				);
				MARKETING_VERSION = 1.0;
				PRODUCT_BUNDLE_IDENTIFIER = com.kimleng.ChatApp;
				PRODUCT_NAME = "$(TARGET_NAME)";
				SWIFT_EMIT_LOC_STRINGS = YES;
				SWIFT_VERSION = 5.0;
				TARGETED_DEVICE_FAMILY = "1,2";
			};
			name = Debug;
		};
		71E1124A29BD3BE200B82144 /* Release */ = {
			isa = XCBuildConfiguration;
			buildSettings = {
				ASSETCATALOG_COMPILER_APPICON_NAME = AppIcon;
				ASSETCATALOG_COMPILER_GLOBAL_ACCENT_COLOR_NAME = AccentColor;
				CODE_SIGN_STYLE = Automatic;
				CURRENT_PROJECT_VERSION = 1;
				DEVELOPMENT_ASSET_PATHS = "\"ChatApp/Preview Content\"";
				DEVELOPMENT_TEAM = 89BV38HZUZ;
				ENABLE_PREVIEWS = YES;
				GENERATE_INFOPLIST_FILE = YES;
				INFOPLIST_KEY_UIApplicationSceneManifest_Generation = YES;
				INFOPLIST_KEY_UIApplicationSupportsIndirectInputEvents = YES;
				INFOPLIST_KEY_UILaunchScreen_Generation = YES;
				INFOPLIST_KEY_UISupportedInterfaceOrientations_iPad = "UIInterfaceOrientationPortrait UIInterfaceOrientationPortraitUpsideDown UIInterfaceOrientationLandscapeLeft UIInterfaceOrientationLandscapeRight";
				INFOPLIST_KEY_UISupportedInterfaceOrientations_iPhone = "UIInterfaceOrientationPortrait UIInterfaceOrientationLandscapeLeft UIInterfaceOrientationLandscapeRight";
				LD_RUNPATH_SEARCH_PATHS = (
					"$(inherited)",
					"@executable_path/Frameworks",
				);
				MARKETING_VERSION = 1.0;
				PRODUCT_BUNDLE_IDENTIFIER = com.kimleng.ChatApp;
				PRODUCT_NAME = "$(TARGET_NAME)";
				SWIFT_EMIT_LOC_STRINGS = YES;
				SWIFT_VERSION = 5.0;
				TARGETED_DEVICE_FAMILY = "1,2";
			};
			name = Release;
		};
		71E1124C29BD3BE200B82144 /* Debug */ = {
			isa = XCBuildConfiguration;
			buildSettings = {
				ALWAYS_EMBED_SWIFT_STANDARD_LIBRARIES = YES;
				BUNDLE_LOADER = "$(TEST_HOST)";
				CODE_SIGN_STYLE = Automatic;
				CURRENT_PROJECT_VERSION = 1;
				DEVELOPMENT_TEAM = 89BV38HZUZ;
				GENERATE_INFOPLIST_FILE = YES;
				IPHONEOS_DEPLOYMENT_TARGET = 16.1;
				MARKETING_VERSION = 1.0;
				PRODUCT_BUNDLE_IDENTIFIER = com.kimleng.ChatAppTests;
				PRODUCT_NAME = "$(TARGET_NAME)";
				SWIFT_EMIT_LOC_STRINGS = NO;
				SWIFT_VERSION = 5.0;
				TARGETED_DEVICE_FAMILY = "1,2";
				TEST_HOST = "$(BUILT_PRODUCTS_DIR)/ChatApp.app/$(BUNDLE_EXECUTABLE_FOLDER_PATH)/ChatApp";
			};
			name = Debug;
		};
		71E1124D29BD3BE200B82144 /* Release */ = {
			isa = XCBuildConfiguration;
			buildSettings = {
				ALWAYS_EMBED_SWIFT_STANDARD_LIBRARIES = YES;
				BUNDLE_LOADER = "$(TEST_HOST)";
				CODE_SIGN_STYLE = Automatic;
				CURRENT_PROJECT_VERSION = 1;
				DEVELOPMENT_TEAM = 89BV38HZUZ;
				GENERATE_INFOPLIST_FILE = YES;
				IPHONEOS_DEPLOYMENT_TARGET = 16.1;
				MARKETING_VERSION = 1.0;
				PRODUCT_BUNDLE_IDENTIFIER = com.kimleng.ChatAppTests;
				PRODUCT_NAME = "$(TARGET_NAME)";
				SWIFT_EMIT_LOC_STRINGS = NO;
				SWIFT_VERSION = 5.0;
				TARGETED_DEVICE_FAMILY = "1,2";
				TEST_HOST = "$(BUILT_PRODUCTS_DIR)/ChatApp.app/$(BUNDLE_EXECUTABLE_FOLDER_PATH)/ChatApp";
			};
			name = Release;
		};
		71E1124F29BD3BE200B82144 /* Debug */ = {
			isa = XCBuildConfiguration;
			buildSettings = {
				ALWAYS_EMBED_SWIFT_STANDARD_LIBRARIES = YES;
				CODE_SIGN_STYLE = Automatic;
				CURRENT_PROJECT_VERSION = 1;
				DEVELOPMENT_TEAM = 89BV38HZUZ;
				GENERATE_INFOPLIST_FILE = YES;
				MARKETING_VERSION = 1.0;
				PRODUCT_BUNDLE_IDENTIFIER = com.kimleng.ChatAppUITests;
				PRODUCT_NAME = "$(TARGET_NAME)";
				SWIFT_EMIT_LOC_STRINGS = NO;
				SWIFT_VERSION = 5.0;
				TARGETED_DEVICE_FAMILY = "1,2";
				TEST_TARGET_NAME = ChatApp;
			};
			name = Debug;
		};
		71E1125029BD3BE200B82144 /* Release */ = {
			isa = XCBuildConfiguration;
			buildSettings = {
				ALWAYS_EMBED_SWIFT_STANDARD_LIBRARIES = YES;
				CODE_SIGN_STYLE = Automatic;
				CURRENT_PROJECT_VERSION = 1;
				DEVELOPMENT_TEAM = 89BV38HZUZ;
				GENERATE_INFOPLIST_FILE = YES;
				MARKETING_VERSION = 1.0;
				PRODUCT_BUNDLE_IDENTIFIER = com.kimleng.ChatAppUITests;
				PRODUCT_NAME = "$(TARGET_NAME)";
				SWIFT_EMIT_LOC_STRINGS = NO;
				SWIFT_VERSION = 5.0;
				TARGETED_DEVICE_FAMILY = "1,2";
				TEST_TARGET_NAME = ChatApp;
			};
			name = Release;
		};
/* End XCBuildConfiguration section */

/* Begin XCConfigurationList section */
		71E1121F29BD3BE000B82144 /* Build configuration list for PBXProject "ChatApp" */ = {
			isa = XCConfigurationList;
			buildConfigurations = (
				71E1124629BD3BE200B82144 /* Debug */,
				71E1124729BD3BE200B82144 /* Release */,
			);
			defaultConfigurationIsVisible = 0;
			defaultConfigurationName = Release;
		};
		71E1124829BD3BE200B82144 /* Build configuration list for PBXNativeTarget "ChatApp" */ = {
			isa = XCConfigurationList;
			buildConfigurations = (
				71E1124929BD3BE200B82144 /* Debug */,
				71E1124A29BD3BE200B82144 /* Release */,
			);
			defaultConfigurationIsVisible = 0;
			defaultConfigurationName = Release;
		};
		71E1124B29BD3BE200B82144 /* Build configuration list for PBXNativeTarget "ChatAppTests" */ = {
			isa = XCConfigurationList;
			buildConfigurations = (
				71E1124C29BD3BE200B82144 /* Debug */,
				71E1124D29BD3BE200B82144 /* Release */,
			);
			defaultConfigurationIsVisible = 0;
			defaultConfigurationName = Release;
		};
		71E1124E29BD3BE200B82144 /* Build configuration list for PBXNativeTarget "ChatAppUITests" */ = {
			isa = XCConfigurationList;
			buildConfigurations = (
				71E1124F29BD3BE200B82144 /* Debug */,
				71E1125029BD3BE200B82144 /* Release */,
			);
			defaultConfigurationIsVisible = 0;
			defaultConfigurationName = Release;
		};
/* End XCConfigurationList section */

/* Begin XCRemoteSwiftPackageReference section */
		71D4240E29C0CDD4001AA85C /* XCRemoteSwiftPackageReference "firebase-ios-sdk" */ = {
			isa = XCRemoteSwiftPackageReference;
			repositoryURL = "https://github.com/firebase/firebase-ios-sdk.git";
			requirement = {
				branch = master;
				kind = branch;
			};
		};
		71D6587829C669CF0008F922 /* XCRemoteSwiftPackageReference "SDWebImageSwiftUI" */ = {
			isa = XCRemoteSwiftPackageReference;
			repositoryURL = "https://github.com/SDWebImage/SDWebImageSwiftUI.git";
			requirement = {
				kind = upToNextMajorVersion;
				minimumVersion = 2.0.0;
			};
		};
/* End XCRemoteSwiftPackageReference section */

/* Begin XCSwiftPackageProductDependency section */
		71D4240F29C0CDD4001AA85C /* FirebaseAuth */ = {
			isa = XCSwiftPackageProductDependency;
			package = 71D4240E29C0CDD4001AA85C /* XCRemoteSwiftPackageReference "firebase-ios-sdk" */;
			productName = FirebaseAuth;
		};
		71D4241129C0CDD4001AA85C /* FirebaseFirestore */ = {
			isa = XCSwiftPackageProductDependency;
			package = 71D4240E29C0CDD4001AA85C /* XCRemoteSwiftPackageReference "firebase-ios-sdk" */;
			productName = FirebaseFirestore;
		};
		71D4241329C0CDD4001AA85C /* FirebaseStorage */ = {
			isa = XCSwiftPackageProductDependency;
			package = 71D4240E29C0CDD4001AA85C /* XCRemoteSwiftPackageReference "firebase-ios-sdk" */;
			productName = FirebaseStorage;
		};
		71D6587929C669CF0008F922 /* SDWebImageSwiftUI */ = {
			isa = XCSwiftPackageProductDependency;
			package = 71D6587829C669CF0008F922 /* XCRemoteSwiftPackageReference "SDWebImageSwiftUI" */;
			productName = SDWebImageSwiftUI;
		};
/* End XCSwiftPackageProductDependency section */
	};
	rootObject = 71E1121C29BD3BE000B82144 /* Project object */;
}
